{
  "version": 4,
  "terraform_version": "1.5.7",
  "serial": 5,
  "lineage": "601a1242-07f6-5eb1-eb1b-6eab1494fdf1",
  "outputs": {},
  "resources": [
    {
      "mode": "managed",
      "type": "google_storage_bucket",
      "name": "test-bucket-for-state",
      "provider": "provider[\"registry.terraform.io/hashicorp/google\"]",
      "instances": [
        {
          "schema_version": 1,
          "attributes": {
            "autoclass": [],
            "cors": [],
            "custom_placement_config": [],
            "default_event_based_hold": false,
            "effective_labels": {
              "key": "value"
            },
            "enable_object_retention": false,
            "encryption": [],
            "force_destroy": true,
            "id": "qwiklabs-gcp-04-40e4596ae26b",
            "labels": {},
            "lifecycle_rule": [],
            "location": "US",
            "logging": [],
            "name": "qwiklabs-gcp-04-40e4596ae26b",
            "project": "qwiklabs-gcp-04-40e4596ae26b",
            "project_number": 179004547518,
            "public_access_prevention": "inherited",
            "requester_pays": false,
            "retention_policy": [],
            "rpo": "DEFAULT",
            "self_link": "https://www.googleapis.com/storage/v1/b/qwiklabs-gcp-04-40e4596ae26b",
            "soft_delete_policy": [
              {
                "effective_time": "2024-07-13T03:11:00.082Z",
                "retention_duration_seconds": 604800
              }
            ],
            "storage_class": "STANDARD",
            "terraform_labels": {},
            "timeouts": null,
            "uniform_bucket_level_access": true,
            "url": "gs://qwiklabs-gcp-04-40e4596ae26b",
            "versioning": [],
            "website": []
          },
          "sensitive_attributes": [],
          "private": "eyJlMmJmYjczMC1lY2FhLTExZTYtOGY4OC0zNDM2M2JjN2M0YzAiOnsiY3JlYXRlIjo2MDAwMDAwMDAwMDAsInJlYWQiOjI0MDAwMDAwMDAwMCwidXBkYXRlIjoyNDAwMDAwMDAwMDB9LCJzY2hlbWFfdmVyc2lvbiI6IjEifQ=="
        }
      ]
    }
  ],
  "check_results": null
}
